
Microsoft Visual Studio Solution File, Format Version 12.00
# Visual Studio Version 17
VisualStudioVersion = 17.11.35312.102
MinimumVisualStudioVersion = 10.0.40219.1
Project("{FAE04EC0-301F-11D3-BF4B-00C04F79EFBC}") = "patikafy", "patikafy\patikafy.csproj", "{1BD84BE8-D336-46BB-8ACD-9BE433CE1C86}"
EndProject
Global
	GlobalSection(SolutionConfigurationPlatforms) = preSolution
		Debug|Any CPU = Debug|Any CPU
		Release|Any CPU = Release|Any CPU
	EndGlobalSection
	GlobalSection(ProjectConfigurationPlatforms) = postSolution
		{1BD84BE8-D336-46BB-8ACD-9BE433CE1C86}.Debug|Any CPU.ActiveCfg = Debug|Any CPU
		{1BD84BE8-D336-46BB-8ACD-9BE433CE1C86}.Debug|Any CPU.Build.0 = Debug|Any CPU
		{1BD84BE8-D336-46BB-8ACD-9BE433CE1C86}.Release|Any CPU.ActiveCfg = Release|Any CPU
		{1BD84BE8-D336-46BB-8ACD-9BE433CE1C86}.Release|Any CPU.Build.0 = Release|Any CPU
	EndGlobalSection
	GlobalSection(SolutionProperties) = preSolution
		HideSolutionNode = FALSE
	EndGlobalSection
	GlobalSection(ExtensibilityGlobals) = postSolution
		SolutionGuid = {8AF79D8F-4E12-49CD-B167-A4DDEB1A6BA4}
	EndGlobalSection
EndGlobal
