
Microsoft Visual Studio Solution File, Format Version 12.00
# Visual Studio Version 17
VisualStudioVersion = 17.11.35312.102
MinimumVisualStudioVersion = 10.0.40219.1
Project("{FAE04EC0-301F-11D3-BF4B-00C04F79EFBC}") = "Linqsorgu", "Linqsorgu\Linqsorgu.csproj", "{0C5E88C1-F8CF-4750-B869-4AF7D0971558}"
EndProject
Global
	GlobalSection(SolutionConfigurationPlatforms) = preSolution
		Debug|Any CPU = Debug|Any CPU
		Release|Any CPU = Release|Any CPU
	EndGlobalSection
	GlobalSection(ProjectConfigurationPlatforms) = postSolution
		{0C5E88C1-F8CF-4750-B869-4AF7D0971558}.Debug|Any CPU.ActiveCfg = Debug|Any CPU
		{0C5E88C1-F8CF-4750-B869-4AF7D0971558}.Debug|Any CPU.Build.0 = Debug|Any CPU
		{0C5E88C1-F8CF-4750-B869-4AF7D0971558}.Release|Any CPU.ActiveCfg = Release|Any CPU
		{0C5E88C1-F8CF-4750-B869-4AF7D0971558}.Release|Any CPU.Build.0 = Release|Any CPU
	EndGlobalSection
	GlobalSection(SolutionProperties) = preSolution
		HideSolutionNode = FALSE
	EndGlobalSection
	GlobalSection(ExtensibilityGlobals) = postSolution
		SolutionGuid = {D4A832B4-3EF2-4C02-9D4B-47691C7E5326}
	EndGlobalSection
EndGlobal
